
Microsoft Visual Studio Solution File, Format Version 12.00
# Visual Studio Version 17
VisualStudioVersion = 17.14.37203.1 d17.14
MinimumVisualStudioVersion = 10.0.40219.1
Project("{888888A0-9F3D-457C-B088-3A5042F75D52}") = "ft_count_harvest_recursive", "ft_count_harvest_recursive\ft_count_harvest_recursive.pyproj", "{0D89B105-3833-43A1-90FD-923661D73631}"
EndProject
Global
	GlobalSection(SolutionConfigurationPlatforms) = preSolution
		Debug|Any CPU = Debug|Any CPU
		Release|Any CPU = Release|Any CPU
	EndGlobalSection
	GlobalSection(ProjectConfigurationPlatforms) = postSolution
		{0D89B105-3833-43A1-90FD-923661D73631}.Debug|Any CPU.ActiveCfg = Debug|Any CPU
		{0D89B105-3833-43A1-90FD-923661D73631}.Release|Any CPU.ActiveCfg = Release|Any CPU
	EndGlobalSection
	GlobalSection(SolutionProperties) = preSolution
		HideSolutionNode = FALSE
	EndGlobalSection
	GlobalSection(ExtensibilityGlobals) = postSolution
		SolutionGuid = {A38F04B1-9D46-4AB4-9C15-5E5CD0DB2FFC}
	EndGlobalSection
EndGlobal
